// !$*UTF8*$!
{
	archiveVersion = 1;
	classes = {
	};
	objectVersion = 51;
	objects = {

/* Begin PBXBuildFile section */
		6AFAAC9AAB1CEE62B8A4467B /* Pods_YoongYoong.framework in Frameworks */ = {isa = PBXBuildFile; fileRef = 758DACE043760F2E75EB5FCB /* Pods_YoongYoong.framework */; };
		AA344617261B2F240034E1BC /* MapViewController.swift in Sources */ = {isa = PBXBuildFile; fileRef = AA344616261B2F240034E1BC /* MapViewController.swift */; };
		AA6E013A261F611600318E30 /* MapStoreInfoView.swift in Sources */ = {isa = PBXBuildFile; fileRef = AA6E0139261F611600318E30 /* MapStoreInfoView.swift */; };
		AA6E013F261F6A0D00318E30 /* CALayer+Extensions.swift in Sources */ = {isa = PBXBuildFile; fileRef = AA6E013E261F6A0D00318E30 /* CALayer+Extensions.swift */; };
		AA72B7DD261B3996001E959B /* MapNavigationView.swift in Sources */ = {isa = PBXBuildFile; fileRef = AA72B7DC261B3996001E959B /* MapNavigationView.swift */; };
		AAC78F91262A67FD009CC84E /* Application.swift in Sources */ = {isa = PBXBuildFile; fileRef = AAC78F90262A67FD009CC84E /* Application.swift */; };
		AAC78F96262A6916009CC84E /* ViewModelType.swift in Sources */ = {isa = PBXBuildFile; fileRef = AAC78F95262A6916009CC84E /* ViewModelType.swift */; };
		AAC78FE8262A6FC4009CC84E /* TabBarViewModel.swift in Sources */ = {isa = PBXBuildFile; fileRef = AAC78FE7262A6FC4009CC84E /* TabBarViewModel.swift */; };
		AAC78FF0262A7027009CC84E /* TabBarController.swift in Sources */ = {isa = PBXBuildFile; fileRef = AAC78FEF262A7027009CC84E /* TabBarController.swift */; };
		AAC78FF5262A7150009CC84E /* Navigator.swift in Sources */ = {isa = PBXBuildFile; fileRef = AAC78FF4262A7150009CC84E /* Navigator.swift */; };
		AAC78FFA262A773D009CC84E /* ViewController.swift in Sources */ = {isa = PBXBuildFile; fileRef = AAC78FF9262A773D009CC84E /* ViewController.swift */; };
		AAC79002262A7A1D009CC84E /* NavigationController.swift in Sources */ = {isa = PBXBuildFile; fileRef = AAC79001262A7A1D009CC84E /* NavigationController.swift */; };
		AAC79008262A809D009CC84E /* MapViewModel.swift in Sources */ = {isa = PBXBuildFile; fileRef = AAC79007262A809D009CC84E /* MapViewModel.swift */; };
		AAC79015262A91A4009CC84E /* TipViewModel.swift in Sources */ = {isa = PBXBuildFile; fileRef = AAC79014262A91A4009CC84E /* TipViewModel.swift */; };
		AAC79020262AA7E3009CC84E /* TipViewController.swift in Sources */ = {isa = PBXBuildFile; fileRef = AAC7901F262AA7E3009CC84E /* TipViewController.swift */; };
		AAD45C582619C06800A6F4D6 /* UIFont+Extensions.swift in Sources */ = {isa = PBXBuildFile; fileRef = AAD45C572619C06800A6F4D6 /* UIFont+Extensions.swift */; };
		AAD45C722619C36900A6F4D6 /* SF-Pro-Text-Heavy.otf in Resources */ = {isa = PBXBuildFile; fileRef = AAD45C602619C36600A6F4D6 /* SF-Pro-Text-Heavy.otf */; };
		AAD45C732619C36900A6F4D6 /* SF-Pro-Text-Light.otf in Resources */ = {isa = PBXBuildFile; fileRef = AAD45C612619C36600A6F4D6 /* SF-Pro-Text-Light.otf */; };
		AAD45C752619C36900A6F4D6 /* SF-Pro-Text-Black.otf in Resources */ = {isa = PBXBuildFile; fileRef = AAD45C632619C36600A6F4D6 /* SF-Pro-Text-Black.otf */; };
		AAD45C772619C36900A6F4D6 /* SF-Pro-Text-Semibold.otf in Resources */ = {isa = PBXBuildFile; fileRef = AAD45C652619C36700A6F4D6 /* SF-Pro-Text-Semibold.otf */; };
		AAD45C7D2619C36900A6F4D6 /* SF-Pro-Text-Ultralight.otf in Resources */ = {isa = PBXBuildFile; fileRef = AAD45C6B2619C36800A6F4D6 /* SF-Pro-Text-Ultralight.otf */; };
		AAD45C7E2619C36900A6F4D6 /* SF-Pro-Text-Bold.otf in Resources */ = {isa = PBXBuildFile; fileRef = AAD45C6C2619C36800A6F4D6 /* SF-Pro-Text-Bold.otf */; };
		AAD45C7F2619C36900A6F4D6 /* SF-Pro-Text-Thin.otf in Resources */ = {isa = PBXBuildFile; fileRef = AAD45C6D2619C36800A6F4D6 /* SF-Pro-Text-Thin.otf */; };
		AAD45C812619C36900A6F4D6 /* SF-Pro-Text-Regular.otf in Resources */ = {isa = PBXBuildFile; fileRef = AAD45C6F2619C36900A6F4D6 /* SF-Pro-Text-Regular.otf */; };
		AAD45C822619C36900A6F4D6 /* SF-Pro-Text-Medium.otf in Resources */ = {isa = PBXBuildFile; fileRef = AAD45C702619C36900A6F4D6 /* SF-Pro-Text-Medium.otf */; };
		AAD45C9E2619CAEC00A6F4D6 /* UIColor+Extensions.swift in Sources */ = {isa = PBXBuildFile; fileRef = AAD45C9D2619CAEC00A6F4D6 /* UIColor+Extensions.swift */; };
		AAD45CA92619CB2A00A6F4D6 /* Colors.xcassets in Resources */ = {isa = PBXBuildFile; fileRef = AAD45CA82619CB2A00A6F4D6 /* Colors.xcassets */; };
		AAF5C20F263707AF000BB043 /* FeedViewController.swift in Sources */ = {isa = PBXBuildFile; fileRef = AAF5C20E263707AF000BB043 /* FeedViewController.swift */; };
		AAF5C22526370D20000BB043 /* FeedViewModel.swift in Sources */ = {isa = PBXBuildFile; fileRef = AAF5C22426370D20000BB043 /* FeedViewModel.swift */; };
		AAF5C22A26371A27000BB043 /* FeedListTableViewCellViewModel.swift in Sources */ = {isa = PBXBuildFile; fileRef = AAF5C22926371A27000BB043 /* FeedListTableViewCellViewModel.swift */; };
		AAF5C22F26371B4D000BB043 /* FeedListSection.swift in Sources */ = {isa = PBXBuildFile; fileRef = AAF5C22E26371B4D000BB043 /* FeedListSection.swift */; };
		AAF5C2352637AB70000BB043 /* Feed.swift in Sources */ = {isa = PBXBuildFile; fileRef = AAF5C2342637AB70000BB043 /* Feed.swift */; };
		AAF5C23D2637AC47000BB043 /* TitleContentItem.swift in Sources */ = {isa = PBXBuildFile; fileRef = AAF5C23C2637AC47000BB043 /* TitleContentItem.swift */; };
		AAF5C2422637D7F5000BB043 /* UILabel+Extensions.swift in Sources */ = {isa = PBXBuildFile; fileRef = AAF5C2412637D7F5000BB043 /* UILabel+Extensions.swift */; };
		AAF67E09262AE69600F643E1 /* LocationManager.swift in Sources */ = {isa = PBXBuildFile; fileRef = AAF67E08262AE69600F643E1 /* LocationManager.swift */; };
		AAF68E72262F374500F643E1 /* FeedTipView.swift in Sources */ = {isa = PBXBuildFile; fileRef = AAF68E71262F374500F643E1 /* FeedTipView.swift */; };
		AAF68E7A262F511F00F643E1 /* FeedListTableViewCell.swift in Sources */ = {isa = PBXBuildFile; fileRef = AAF68E79262F511F00F643E1 /* FeedListTableViewCell.swift */; };
		AAF68E7F262F53C000F643E1 /* FeedListContainerListView.swift in Sources */ = {isa = PBXBuildFile; fileRef = AAF68E7E262F53C000F643E1 /* FeedListContainerListView.swift */; };
		AAF6903A2635C40C00F643E1 /* FeedTipViewModel.swift in Sources */ = {isa = PBXBuildFile; fileRef = AAF690392635C40C00F643E1 /* FeedTipViewModel.swift */; };
		AAF6903F2635C68200F643E1 /* FeedListContainerListViewModel.swift in Sources */ = {isa = PBXBuildFile; fileRef = AAF6903E2635C68200F643E1 /* FeedListContainerListViewModel.swift */; };
		D6F9AC8B71CC355648D6E8B6 /* Pods_YoongYoongTests.framework in Frameworks */ = {isa = PBXBuildFile; fileRef = 4A06BD70420FBCDDEF5E50E3 /* Pods_YoongYoongTests.framework */; };
		DAB00027260F12CA00D8208F /* AppDelegate.swift in Sources */ = {isa = PBXBuildFile; fileRef = DAB00026260F12CA00D8208F /* AppDelegate.swift */; };
		DAB00031260F12CA00D8208F /* YoongYoong.xcdatamodeld in Sources */ = {isa = PBXBuildFile; fileRef = DAB0002F260F12CA00D8208F /* YoongYoong.xcdatamodeld */; };
		DAB00033260F12CD00D8208F /* Assets.xcassets in Resources */ = {isa = PBXBuildFile; fileRef = DAB00032260F12CD00D8208F /* Assets.xcassets */; };
		DAB00036260F12CD00D8208F /* LaunchScreen.storyboard in Resources */ = {isa = PBXBuildFile; fileRef = DAB00034260F12CD00D8208F /* LaunchScreen.storyboard */; };
		DAB00041260F12CE00D8208F /* YoongYoongTests.swift in Sources */ = {isa = PBXBuildFile; fileRef = DAB00040260F12CE00D8208F /* YoongYoongTests.swift */; };
		DAB0004C260F12CE00D8208F /* YoongYoongUITests.swift in Sources */ = {isa = PBXBuildFile; fileRef = DAB0004B260F12CE00D8208F /* YoongYoongUITests.swift */; };
		DBBE82F53A75CC8AAF58B667 /* Pods_YoongYoong_YoongYoongUITests.framework in Frameworks */ = {isa = PBXBuildFile; fileRef = 238ACAD42E9502C9F4DB3139 /* Pods_YoongYoong_YoongYoongUITests.framework */; };
/* End PBXBuildFile section */

/* Begin PBXContainerItemProxy section */
		DAB0003D260F12CE00D8208F /* PBXContainerItemProxy */ = {
			isa = PBXContainerItemProxy;
			containerPortal = DAB0001B260F12CA00D8208F /* Project object */;
			proxyType = 1;
			remoteGlobalIDString = DAB00022260F12CA00D8208F;
			remoteInfo = YoongYoong;
		};
		DAB00048260F12CE00D8208F /* PBXContainerItemProxy */ = {
			isa = PBXContainerItemProxy;
			containerPortal = DAB0001B260F12CA00D8208F /* Project object */;
			proxyType = 1;
			remoteGlobalIDString = DAB00022260F12CA00D8208F;
			remoteInfo = YoongYoong;
		};
/* End PBXContainerItemProxy section */

/* Begin PBXFileReference section */
		238ACAD42E9502C9F4DB3139 /* Pods_YoongYoong_YoongYoongUITests.framework */ = {isa = PBXFileReference; explicitFileType = wrapper.framework; includeInIndex = 0; path = Pods_YoongYoong_YoongYoongUITests.framework; sourceTree = BUILT_PRODUCTS_DIR; };
		4A06BD70420FBCDDEF5E50E3 /* Pods_YoongYoongTests.framework */ = {isa = PBXFileReference; explicitFileType = wrapper.framework; includeInIndex = 0; path = Pods_YoongYoongTests.framework; sourceTree = BUILT_PRODUCTS_DIR; };
		5E844A4FB1E67E67DDBA7C1C /* Pods-YoongYoong-YoongYoongUITests.debug.xcconfig */ = {isa = PBXFileReference; includeInIndex = 1; lastKnownFileType = text.xcconfig; name = "Pods-YoongYoong-YoongYoongUITests.debug.xcconfig"; path = "Target Support Files/Pods-YoongYoong-YoongYoongUITests/Pods-YoongYoong-YoongYoongUITests.debug.xcconfig"; sourceTree = "<group>"; };
		6B8446DB571903D78466AE9B /* Pods-YoongYoongTests.debug.xcconfig */ = {isa = PBXFileReference; includeInIndex = 1; lastKnownFileType = text.xcconfig; name = "Pods-YoongYoongTests.debug.xcconfig"; path = "Target Support Files/Pods-YoongYoongTests/Pods-YoongYoongTests.debug.xcconfig"; sourceTree = "<group>"; };
		758DACE043760F2E75EB5FCB /* Pods_YoongYoong.framework */ = {isa = PBXFileReference; explicitFileType = wrapper.framework; includeInIndex = 0; path = Pods_YoongYoong.framework; sourceTree = BUILT_PRODUCTS_DIR; };
		948D7D766C7E57695042FF1F /* Pods-YoongYoong.dev.xcconfig */ = {isa = PBXFileReference; includeInIndex = 1; lastKnownFileType = text.xcconfig; name = "Pods-YoongYoong.dev.xcconfig"; path = "Target Support Files/Pods-YoongYoong/Pods-YoongYoong.dev.xcconfig"; sourceTree = "<group>"; };
		9AA94A64E3F69882F456EE4D /* Pods-YoongYoong.debug.xcconfig */ = {isa = PBXFileReference; includeInIndex = 1; lastKnownFileType = text.xcconfig; name = "Pods-YoongYoong.debug.xcconfig"; path = "Target Support Files/Pods-YoongYoong/Pods-YoongYoong.debug.xcconfig"; sourceTree = "<group>"; };
		9BB5CF0D7707EB35250D4235 /* Pods-YoongYoong-YoongYoongUITests.dev.xcconfig */ = {isa = PBXFileReference; includeInIndex = 1; lastKnownFileType = text.xcconfig; name = "Pods-YoongYoong-YoongYoongUITests.dev.xcconfig"; path = "Target Support Files/Pods-YoongYoong-YoongYoongUITests/Pods-YoongYoong-YoongYoongUITests.dev.xcconfig"; sourceTree = "<group>"; };
		AA344616261B2F240034E1BC /* MapViewController.swift */ = {isa = PBXFileReference; lastKnownFileType = sourcecode.swift; path = MapViewController.swift; sourceTree = "<group>"; };
		AA6E0139261F611600318E30 /* MapStoreInfoView.swift */ = {isa = PBXFileReference; lastKnownFileType = sourcecode.swift; path = MapStoreInfoView.swift; sourceTree = "<group>"; };
		AA6E013E261F6A0D00318E30 /* CALayer+Extensions.swift */ = {isa = PBXFileReference; lastKnownFileType = sourcecode.swift; path = "CALayer+Extensions.swift"; sourceTree = "<group>"; };
		AA72B7DC261B3996001E959B /* MapNavigationView.swift */ = {isa = PBXFileReference; lastKnownFileType = sourcecode.swift; path = MapNavigationView.swift; sourceTree = "<group>"; };
		AAC78F90262A67FD009CC84E /* Application.swift */ = {isa = PBXFileReference; lastKnownFileType = sourcecode.swift; path = Application.swift; sourceTree = "<group>"; };
		AAC78F95262A6916009CC84E /* ViewModelType.swift */ = {isa = PBXFileReference; lastKnownFileType = sourcecode.swift; path = ViewModelType.swift; sourceTree = "<group>"; };
		AAC78FE7262A6FC4009CC84E /* TabBarViewModel.swift */ = {isa = PBXFileReference; lastKnownFileType = sourcecode.swift; path = TabBarViewModel.swift; sourceTree = "<group>"; };
		AAC78FEF262A7027009CC84E /* TabBarController.swift */ = {isa = PBXFileReference; lastKnownFileType = sourcecode.swift; path = TabBarController.swift; sourceTree = "<group>"; };
		AAC78FF4262A7150009CC84E /* Navigator.swift */ = {isa = PBXFileReference; lastKnownFileType = sourcecode.swift; path = Navigator.swift; sourceTree = "<group>"; };
		AAC78FF9262A773D009CC84E /* ViewController.swift */ = {isa = PBXFileReference; lastKnownFileType = sourcecode.swift; path = ViewController.swift; sourceTree = "<group>"; };
		AAC79001262A7A1D009CC84E /* NavigationController.swift */ = {isa = PBXFileReference; lastKnownFileType = sourcecode.swift; path = NavigationController.swift; sourceTree = "<group>"; };
		AAC79007262A809D009CC84E /* MapViewModel.swift */ = {isa = PBXFileReference; lastKnownFileType = sourcecode.swift; path = MapViewModel.swift; sourceTree = "<group>"; };
		AAC79014262A91A4009CC84E /* TipViewModel.swift */ = {isa = PBXFileReference; lastKnownFileType = sourcecode.swift; path = TipViewModel.swift; sourceTree = "<group>"; };
		AAC7901F262AA7E3009CC84E /* TipViewController.swift */ = {isa = PBXFileReference; lastKnownFileType = sourcecode.swift; path = TipViewController.swift; sourceTree = "<group>"; };
		AAD45C572619C06800A6F4D6 /* UIFont+Extensions.swift */ = {isa = PBXFileReference; lastKnownFileType = sourcecode.swift; path = "UIFont+Extensions.swift"; sourceTree = "<group>"; };
		AAD45C602619C36600A6F4D6 /* SF-Pro-Text-Heavy.otf */ = {isa = PBXFileReference; lastKnownFileType = file; path = "SF-Pro-Text-Heavy.otf"; sourceTree = "<group>"; };
		AAD45C612619C36600A6F4D6 /* SF-Pro-Text-Light.otf */ = {isa = PBXFileReference; lastKnownFileType = file; path = "SF-Pro-Text-Light.otf"; sourceTree = "<group>"; };
		AAD45C632619C36600A6F4D6 /* SF-Pro-Text-Black.otf */ = {isa = PBXFileReference; lastKnownFileType = file; path = "SF-Pro-Text-Black.otf"; sourceTree = "<group>"; };
		AAD45C652619C36700A6F4D6 /* SF-Pro-Text-Semibold.otf */ = {isa = PBXFileReference; lastKnownFileType = file; path = "SF-Pro-Text-Semibold.otf"; sourceTree = "<group>"; };
		AAD45C6B2619C36800A6F4D6 /* SF-Pro-Text-Ultralight.otf */ = {isa = PBXFileReference; lastKnownFileType = file; path = "SF-Pro-Text-Ultralight.otf"; sourceTree = "<group>"; };
		AAD45C6C2619C36800A6F4D6 /* SF-Pro-Text-Bold.otf */ = {isa = PBXFileReference; lastKnownFileType = file; path = "SF-Pro-Text-Bold.otf"; sourceTree = "<group>"; };
		AAD45C6D2619C36800A6F4D6 /* SF-Pro-Text-Thin.otf */ = {isa = PBXFileReference; lastKnownFileType = file; path = "SF-Pro-Text-Thin.otf"; sourceTree = "<group>"; };
		AAD45C6F2619C36900A6F4D6 /* SF-Pro-Text-Regular.otf */ = {isa = PBXFileReference; lastKnownFileType = file; path = "SF-Pro-Text-Regular.otf"; sourceTree = "<group>"; };
		AAD45C702619C36900A6F4D6 /* SF-Pro-Text-Medium.otf */ = {isa = PBXFileReference; lastKnownFileType = file; path = "SF-Pro-Text-Medium.otf"; sourceTree = "<group>"; };
		AAD45C9D2619CAEC00A6F4D6 /* UIColor+Extensions.swift */ = {isa = PBXFileReference; lastKnownFileType = sourcecode.swift; path = "UIColor+Extensions.swift"; sourceTree = "<group>"; };
		AAD45CA82619CB2A00A6F4D6 /* Colors.xcassets */ = {isa = PBXFileReference; lastKnownFileType = folder.assetcatalog; path = Colors.xcassets; sourceTree = "<group>"; };
		AAF5C20E263707AF000BB043 /* FeedViewController.swift */ = {isa = PBXFileReference; lastKnownFileType = sourcecode.swift; path = FeedViewController.swift; sourceTree = "<group>"; };
		AAF5C22426370D20000BB043 /* FeedViewModel.swift */ = {isa = PBXFileReference; lastKnownFileType = sourcecode.swift; path = FeedViewModel.swift; sourceTree = "<group>"; };
		AAF5C22926371A27000BB043 /* FeedListTableViewCellViewModel.swift */ = {isa = PBXFileReference; lastKnownFileType = sourcecode.swift; path = FeedListTableViewCellViewModel.swift; sourceTree = "<group>"; };
		AAF5C22E26371B4D000BB043 /* FeedListSection.swift */ = {isa = PBXFileReference; lastKnownFileType = sourcecode.swift; path = FeedListSection.swift; sourceTree = "<group>"; };
		AAF5C2342637AB70000BB043 /* Feed.swift */ = {isa = PBXFileReference; lastKnownFileType = sourcecode.swift; path = Feed.swift; sourceTree = "<group>"; };
		AAF5C23C2637AC47000BB043 /* TitleContentItem.swift */ = {isa = PBXFileReference; lastKnownFileType = sourcecode.swift; path = TitleContentItem.swift; sourceTree = "<group>"; };
		AAF5C2412637D7F5000BB043 /* UILabel+Extensions.swift */ = {isa = PBXFileReference; lastKnownFileType = sourcecode.swift; path = "UILabel+Extensions.swift"; sourceTree = "<group>"; };
		AAF67E08262AE69600F643E1 /* LocationManager.swift */ = {isa = PBXFileReference; lastKnownFileType = sourcecode.swift; path = LocationManager.swift; sourceTree = "<group>"; };
		AAF68E71262F374500F643E1 /* FeedTipView.swift */ = {isa = PBXFileReference; lastKnownFileType = sourcecode.swift; path = FeedTipView.swift; sourceTree = "<group>"; };
		AAF68E79262F511F00F643E1 /* FeedListTableViewCell.swift */ = {isa = PBXFileReference; lastKnownFileType = sourcecode.swift; path = FeedListTableViewCell.swift; sourceTree = "<group>"; };
		AAF68E7E262F53C000F643E1 /* FeedListContainerListView.swift */ = {isa = PBXFileReference; lastKnownFileType = sourcecode.swift; path = FeedListContainerListView.swift; sourceTree = "<group>"; };
		AAF690392635C40C00F643E1 /* FeedTipViewModel.swift */ = {isa = PBXFileReference; lastKnownFileType = sourcecode.swift; path = FeedTipViewModel.swift; sourceTree = "<group>"; };
		AAF6903E2635C68200F643E1 /* FeedListContainerListViewModel.swift */ = {isa = PBXFileReference; lastKnownFileType = sourcecode.swift; path = FeedListContainerListViewModel.swift; sourceTree = "<group>"; };
		AB05194427AB14D9AFFEE470 /* Pods-YoongYoongTests.dev.xcconfig */ = {isa = PBXFileReference; includeInIndex = 1; lastKnownFileType = text.xcconfig; name = "Pods-YoongYoongTests.dev.xcconfig"; path = "Target Support Files/Pods-YoongYoongTests/Pods-YoongYoongTests.dev.xcconfig"; sourceTree = "<group>"; };
		C4A4BE283F0F18E7064708AB /* Pods-YoongYoong.release.xcconfig */ = {isa = PBXFileReference; includeInIndex = 1; lastKnownFileType = text.xcconfig; name = "Pods-YoongYoong.release.xcconfig"; path = "Target Support Files/Pods-YoongYoong/Pods-YoongYoong.release.xcconfig"; sourceTree = "<group>"; };
		DAB00023260F12CA00D8208F /* YoongYoong.app */ = {isa = PBXFileReference; explicitFileType = wrapper.application; includeInIndex = 0; path = YoongYoong.app; sourceTree = BUILT_PRODUCTS_DIR; };
		DAB00026260F12CA00D8208F /* AppDelegate.swift */ = {isa = PBXFileReference; lastKnownFileType = sourcecode.swift; path = AppDelegate.swift; sourceTree = "<group>"; };
		DAB00030260F12CA00D8208F /* YoongYoong.xcdatamodel */ = {isa = PBXFileReference; lastKnownFileType = wrapper.xcdatamodel; path = YoongYoong.xcdatamodel; sourceTree = "<group>"; };
		DAB00032260F12CD00D8208F /* Assets.xcassets */ = {isa = PBXFileReference; lastKnownFileType = folder.assetcatalog; path = Assets.xcassets; sourceTree = "<group>"; };
		DAB00035260F12CD00D8208F /* Base */ = {isa = PBXFileReference; lastKnownFileType = file.storyboard; name = Base; path = Base.lproj/LaunchScreen.storyboard; sourceTree = "<group>"; };
		DAB00037260F12CD00D8208F /* Info.plist */ = {isa = PBXFileReference; lastKnownFileType = text.plist.xml; path = Info.plist; sourceTree = "<group>"; };
		DAB0003C260F12CE00D8208F /* YoongYoongTests.xctest */ = {isa = PBXFileReference; explicitFileType = wrapper.cfbundle; includeInIndex = 0; path = YoongYoongTests.xctest; sourceTree = BUILT_PRODUCTS_DIR; };
		DAB00040260F12CE00D8208F /* YoongYoongTests.swift */ = {isa = PBXFileReference; lastKnownFileType = sourcecode.swift; path = YoongYoongTests.swift; sourceTree = "<group>"; };
		DAB00042260F12CE00D8208F /* Info.plist */ = {isa = PBXFileReference; lastKnownFileType = text.plist.xml; path = Info.plist; sourceTree = "<group>"; };
		DAB00047260F12CE00D8208F /* YoongYoongUITests.xctest */ = {isa = PBXFileReference; explicitFileType = wrapper.cfbundle; includeInIndex = 0; path = YoongYoongUITests.xctest; sourceTree = BUILT_PRODUCTS_DIR; };
		DAB0004B260F12CE00D8208F /* YoongYoongUITests.swift */ = {isa = PBXFileReference; lastKnownFileType = sourcecode.swift; path = YoongYoongUITests.swift; sourceTree = "<group>"; };
		DAB0004D260F12CE00D8208F /* Info.plist */ = {isa = PBXFileReference; lastKnownFileType = text.plist.xml; path = Info.plist; sourceTree = "<group>"; };
		F1BA7E9CFA81CCA931C8F5E2 /* Pods-YoongYoong-YoongYoongUITests.release.xcconfig */ = {isa = PBXFileReference; includeInIndex = 1; lastKnownFileType = text.xcconfig; name = "Pods-YoongYoong-YoongYoongUITests.release.xcconfig"; path = "Target Support Files/Pods-YoongYoong-YoongYoongUITests/Pods-YoongYoong-YoongYoongUITests.release.xcconfig"; sourceTree = "<group>"; };
		F1D48CD7588577A288A8C11C /* Pods-YoongYoongTests.release.xcconfig */ = {isa = PBXFileReference; includeInIndex = 1; lastKnownFileType = text.xcconfig; name = "Pods-YoongYoongTests.release.xcconfig"; path = "Target Support Files/Pods-YoongYoongTests/Pods-YoongYoongTests.release.xcconfig"; sourceTree = "<group>"; };
/* End PBXFileReference section */

/* Begin PBXFrameworksBuildPhase section */
		DAB00020260F12CA00D8208F /* Frameworks */ = {
			isa = PBXFrameworksBuildPhase;
			buildActionMask = 2147483647;
			files = (
				6AFAAC9AAB1CEE62B8A4467B /* Pods_YoongYoong.framework in Frameworks */,
			);
			runOnlyForDeploymentPostprocessing = 0;
		};
		DAB00039260F12CE00D8208F /* Frameworks */ = {
			isa = PBXFrameworksBuildPhase;
			buildActionMask = 2147483647;
			files = (
				D6F9AC8B71CC355648D6E8B6 /* Pods_YoongYoongTests.framework in Frameworks */,
			);
			runOnlyForDeploymentPostprocessing = 0;
		};
		DAB00044260F12CE00D8208F /* Frameworks */ = {
			isa = PBXFrameworksBuildPhase;
			buildActionMask = 2147483647;
			files = (
				DBBE82F53A75CC8AAF58B667 /* Pods_YoongYoong_YoongYoongUITests.framework in Frameworks */,
			);
			runOnlyForDeploymentPostprocessing = 0;
		};
/* End PBXFrameworksBuildPhase section */

/* Begin PBXGroup section */
		AA344626261B31590034E1BC /* Application */ = {
			isa = PBXGroup;
			children = (
				DAB00026260F12CA00D8208F /* AppDelegate.swift */,
				AAC78F90262A67FD009CC84E /* Application.swift */,
				AAC78FF4262A7150009CC84E /* Navigator.swift */,
			);
			path = Application;
			sourceTree = "<group>";
		};
		AA6E0138261F610300318E30 /* MapStoreInfoView */ = {
			isa = PBXGroup;
			children = (
				AA6E0139261F611600318E30 /* MapStoreInfoView.swift */,
			);
			path = MapStoreInfoView;
			sourceTree = "<group>";
		};
		AA72B7DB261B394E001E959B /* View */ = {
			isa = PBXGroup;
			children = (
				AA6E0138261F610300318E30 /* MapStoreInfoView */,
				AA72B7DC261B3996001E959B /* MapNavigationView.swift */,
			);
			path = View;
			sourceTree = "<group>";
		};
		AAC78FE5262A6FAD009CC84E /* Modules */ = {
			isa = PBXGroup;
			children = (
				AAF68E70262F372400F643E1 /* Feed */,
				AAC79013262A9196009CC84E /* Tip */,
				AAC79006262A807D009CC84E /* Map */,
				AAC78FE6262A6FB6009CC84E /* Main */,
			);
			path = Modules;
			sourceTree = "<group>";
		};
		AAC78FE6262A6FB6009CC84E /* Main */ = {
			isa = PBXGroup;
			children = (
				AAC78FE7262A6FC4009CC84E /* TabBarViewModel.swift */,
				AAC78FEF262A7027009CC84E /* TabBarController.swift */,
			);
			path = Main;
			sourceTree = "<group>";
		};
		AAC79006262A807D009CC84E /* Map */ = {
			isa = PBXGroup;
			children = (
				AA72B7DB261B394E001E959B /* View */,
				AA344616261B2F240034E1BC /* MapViewController.swift */,
				AAC79007262A809D009CC84E /* MapViewModel.swift */,
			);
			path = Map;
			sourceTree = "<group>";
		};
		AAC79013262A9196009CC84E /* Tip */ = {
			isa = PBXGroup;
			children = (
				AAC79014262A91A4009CC84E /* TipViewModel.swift */,
				AAC7901F262AA7E3009CC84E /* TipViewController.swift */,
			);
			path = Tip;
			sourceTree = "<group>";
		};
		AAD45C502619BFC800A6F4D6 /* Resources */ = {
			isa = PBXGroup;
			children = (
				AAD45C512619BFD800A6F4D6 /* Fonts */,
				DAB00032260F12CD00D8208F /* Assets.xcassets */,
				AAD45CA82619CB2A00A6F4D6 /* Colors.xcassets */,
			);
			path = Resources;
			sourceTree = "<group>";
		};
		AAD45C512619BFD800A6F4D6 /* Fonts */ = {
			isa = PBXGroup;
			children = (
				AAD45C632619C36600A6F4D6 /* SF-Pro-Text-Black.otf */,
				AAD45C6C2619C36800A6F4D6 /* SF-Pro-Text-Bold.otf */,
				AAD45C602619C36600A6F4D6 /* SF-Pro-Text-Heavy.otf */,
				AAD45C612619C36600A6F4D6 /* SF-Pro-Text-Light.otf */,
				AAD45C702619C36900A6F4D6 /* SF-Pro-Text-Medium.otf */,
				AAD45C6F2619C36900A6F4D6 /* SF-Pro-Text-Regular.otf */,
				AAD45C652619C36700A6F4D6 /* SF-Pro-Text-Semibold.otf */,
				AAD45C6D2619C36800A6F4D6 /* SF-Pro-Text-Thin.otf */,
				AAD45C6B2619C36800A6F4D6 /* SF-Pro-Text-Ultralight.otf */,
			);
			path = Fonts;
			sourceTree = "<group>";
		};
		AAD45C552619C05800A6F4D6 /* Common */ = {
			isa = PBXGroup;
			children = (
				AAD45C562619C05E00A6F4D6 /* Extensions */,
				AAC78F95262A6916009CC84E /* ViewModelType.swift */,
				AAC78FF9262A773D009CC84E /* ViewController.swift */,
				AAC79001262A7A1D009CC84E /* NavigationController.swift */,
			);
			path = Common;
			sourceTree = "<group>";
		};
		AAD45C562619C05E00A6F4D6 /* Extensions */ = {
			isa = PBXGroup;
			children = (
				AAD45C572619C06800A6F4D6 /* UIFont+Extensions.swift */,
				AAD45C9D2619CAEC00A6F4D6 /* UIColor+Extensions.swift */,
				AA6E013E261F6A0D00318E30 /* CALayer+Extensions.swift */,
				AAF5C2412637D7F5000BB043 /* UILabel+Extensions.swift */,
			);
			path = Extensions;
			sourceTree = "<group>";
		};
		AAF5C2332637AB68000BB043 /* Models */ = {
			isa = PBXGroup;
			children = (
				AAF5C2342637AB70000BB043 /* Feed.swift */,
				AAF5C23C2637AC47000BB043 /* TitleContentItem.swift */,
			);
			path = Models;
			sourceTree = "<group>";
		};
		AAF67E07262AE68B00F643E1 /* Managers */ = {
			isa = PBXGroup;
			children = (
				AAF67E08262AE69600F643E1 /* LocationManager.swift */,
			);
			path = Managers;
			sourceTree = "<group>";
		};
		AAF68E70262F372400F643E1 /* Feed */ = {
			isa = PBXGroup;
			children = (
				AAF68E71262F374500F643E1 /* FeedTipView.swift */,
				AAF690392635C40C00F643E1 /* FeedTipViewModel.swift */,
				AAF68E79262F511F00F643E1 /* FeedListTableViewCell.swift */,
				AAF68E7E262F53C000F643E1 /* FeedListContainerListView.swift */,
				AAF6903E2635C68200F643E1 /* FeedListContainerListViewModel.swift */,
				AAF5C20E263707AF000BB043 /* FeedViewController.swift */,
				AAF5C22426370D20000BB043 /* FeedViewModel.swift */,
				AAF5C22926371A27000BB043 /* FeedListTableViewCellViewModel.swift */,
				AAF5C22E26371B4D000BB043 /* FeedListSection.swift */,
			);
			path = Feed;
			sourceTree = "<group>";
		};
		CDA85A6B298B95FB1F3880D7 /* Frameworks */ = {
			isa = PBXGroup;
			children = (
				758DACE043760F2E75EB5FCB /* Pods_YoongYoong.framework */,
				238ACAD42E9502C9F4DB3139 /* Pods_YoongYoong_YoongYoongUITests.framework */,
				4A06BD70420FBCDDEF5E50E3 /* Pods_YoongYoongTests.framework */,
			);
			name = Frameworks;
			sourceTree = "<group>";
		};
		DAB0001A260F12CA00D8208F = {
			isa = PBXGroup;
			children = (
				DAB00025260F12CA00D8208F /* YoongYoong */,
				DAB0003F260F12CE00D8208F /* YoongYoongTests */,
				DAB0004A260F12CE00D8208F /* YoongYoongUITests */,
				DAB00024260F12CA00D8208F /* Products */,
				E036F4A44D511B5C71BDCB3E /* Pods */,
				CDA85A6B298B95FB1F3880D7 /* Frameworks */,
			);
			sourceTree = "<group>";
		};
		DAB00024260F12CA00D8208F /* Products */ = {
			isa = PBXGroup;
			children = (
				DAB00023260F12CA00D8208F /* YoongYoong.app */,
				DAB0003C260F12CE00D8208F /* YoongYoongTests.xctest */,
				DAB00047260F12CE00D8208F /* YoongYoongUITests.xctest */,
			);
			name = Products;
			sourceTree = "<group>";
		};
		DAB00025260F12CA00D8208F /* YoongYoong */ = {
			isa = PBXGroup;
			children = (
				AAF5C2332637AB68000BB043 /* Models */,
				AAF67E07262AE68B00F643E1 /* Managers */,
				AAC78FE5262A6FAD009CC84E /* Modules */,
				AA344626261B31590034E1BC /* Application */,
				AAD45C552619C05800A6F4D6 /* Common */,
				AAD45C502619BFC800A6F4D6 /* Resources */,
				DAB00034260F12CD00D8208F /* LaunchScreen.storyboard */,
				DAB00037260F12CD00D8208F /* Info.plist */,
				DAB0002F260F12CA00D8208F /* YoongYoong.xcdatamodeld */,
			);
			path = YoongYoong;
			sourceTree = "<group>";
		};
		DAB0003F260F12CE00D8208F /* YoongYoongTests */ = {
			isa = PBXGroup;
			children = (
				DAB00040260F12CE00D8208F /* YoongYoongTests.swift */,
				DAB00042260F12CE00D8208F /* Info.plist */,
			);
			path = YoongYoongTests;
			sourceTree = "<group>";
		};
		DAB0004A260F12CE00D8208F /* YoongYoongUITests */ = {
			isa = PBXGroup;
			children = (
				DAB0004B260F12CE00D8208F /* YoongYoongUITests.swift */,
				DAB0004D260F12CE00D8208F /* Info.plist */,
			);
			path = YoongYoongUITests;
			sourceTree = "<group>";
		};
		E036F4A44D511B5C71BDCB3E /* Pods */ = {
			isa = PBXGroup;
			children = (
				9AA94A64E3F69882F456EE4D /* Pods-YoongYoong.debug.xcconfig */,
				C4A4BE283F0F18E7064708AB /* Pods-YoongYoong.release.xcconfig */,
				948D7D766C7E57695042FF1F /* Pods-YoongYoong.dev.xcconfig */,
				5E844A4FB1E67E67DDBA7C1C /* Pods-YoongYoong-YoongYoongUITests.debug.xcconfig */,
				F1BA7E9CFA81CCA931C8F5E2 /* Pods-YoongYoong-YoongYoongUITests.release.xcconfig */,
				9BB5CF0D7707EB35250D4235 /* Pods-YoongYoong-YoongYoongUITests.dev.xcconfig */,
				6B8446DB571903D78466AE9B /* Pods-YoongYoongTests.debug.xcconfig */,
				F1D48CD7588577A288A8C11C /* Pods-YoongYoongTests.release.xcconfig */,
				AB05194427AB14D9AFFEE470 /* Pods-YoongYoongTests.dev.xcconfig */,
			);
			path = Pods;
			sourceTree = "<group>";
		};
/* End PBXGroup section */

/* Begin PBXNativeTarget section */
		DAB00022260F12CA00D8208F /* YoongYoong */ = {
			isa = PBXNativeTarget;
			buildConfigurationList = DAB00050260F12CE00D8208F /* Build configuration list for PBXNativeTarget "YoongYoong" */;
			buildPhases = (
				7CB8543938EE7069FADD2959 /* [CP] Check Pods Manifest.lock */,
				DAB0001F260F12CA00D8208F /* Sources */,
				DAB00020260F12CA00D8208F /* Frameworks */,
				DAB00021260F12CA00D8208F /* Resources */,
				A30F8E4FF28F37D4F90EC405 /* [CP] Embed Pods Frameworks */,
			);
			buildRules = (
			);
			dependencies = (
			);
			name = YoongYoong;
			productName = YoongYoong;
			productReference = DAB00023260F12CA00D8208F /* YoongYoong.app */;
			productType = "com.apple.product-type.application";
		};
		DAB0003B260F12CE00D8208F /* YoongYoongTests */ = {
			isa = PBXNativeTarget;
			buildConfigurationList = DAB00053260F12CE00D8208F /* Build configuration list for PBXNativeTarget "YoongYoongTests" */;
			buildPhases = (
				6B1F979D340EECFF586AF9EC /* [CP] Check Pods Manifest.lock */,
				DAB00038260F12CE00D8208F /* Sources */,
				DAB00039260F12CE00D8208F /* Frameworks */,
				DAB0003A260F12CE00D8208F /* Resources */,
			);
			buildRules = (
			);
			dependencies = (
				DAB0003E260F12CE00D8208F /* PBXTargetDependency */,
			);
			name = YoongYoongTests;
			productName = YoongYoongTests;
			productReference = DAB0003C260F12CE00D8208F /* YoongYoongTests.xctest */;
			productType = "com.apple.product-type.bundle.unit-test";
		};
		DAB00046260F12CE00D8208F /* YoongYoongUITests */ = {
			isa = PBXNativeTarget;
			buildConfigurationList = DAB00056260F12CE00D8208F /* Build configuration list for PBXNativeTarget "YoongYoongUITests" */;
			buildPhases = (
				17E8754F6366FF8C38D587C5 /* [CP] Check Pods Manifest.lock */,
				DAB00043260F12CE00D8208F /* Sources */,
				DAB00044260F12CE00D8208F /* Frameworks */,
				DAB00045260F12CE00D8208F /* Resources */,
				64A4F73B8351E61AF92D61F2 /* [CP] Embed Pods Frameworks */,
			);
			buildRules = (
			);
			dependencies = (
				DAB00049260F12CE00D8208F /* PBXTargetDependency */,
			);
			name = YoongYoongUITests;
			productName = YoongYoongUITests;
			productReference = DAB00047260F12CE00D8208F /* YoongYoongUITests.xctest */;
			productType = "com.apple.product-type.bundle.ui-testing";
		};
/* End PBXNativeTarget section */

/* Begin PBXProject section */
		DAB0001B260F12CA00D8208F /* Project object */ = {
			isa = PBXProject;
			attributes = {
				LastSwiftUpdateCheck = 1240;
				LastUpgradeCheck = 1240;
				TargetAttributes = {
					DAB00022260F12CA00D8208F = {
						CreatedOnToolsVersion = 12.4;
					};
					DAB0003B260F12CE00D8208F = {
						CreatedOnToolsVersion = 12.4;
						TestTargetID = DAB00022260F12CA00D8208F;
					};
					DAB00046260F12CE00D8208F = {
						CreatedOnToolsVersion = 12.4;
						TestTargetID = DAB00022260F12CA00D8208F;
					};
				};
			};
			buildConfigurationList = DAB0001E260F12CA00D8208F /* Build configuration list for PBXProject "YoongYoong" */;
			compatibilityVersion = "Xcode 9.3";
			developmentRegion = en;
			hasScannedForEncodings = 0;
			knownRegions = (
				en,
				Base,
			);
			mainGroup = DAB0001A260F12CA00D8208F;
			productRefGroup = DAB00024260F12CA00D8208F /* Products */;
			projectDirPath = "";
			projectRoot = "";
			targets = (
				DAB00022260F12CA00D8208F /* YoongYoong */,
				DAB0003B260F12CE00D8208F /* YoongYoongTests */,
				DAB00046260F12CE00D8208F /* YoongYoongUITests */,
			);
		};
/* End PBXProject section */

/* Begin PBXResourcesBuildPhase section */
		DAB00021260F12CA00D8208F /* Resources */ = {
			isa = PBXResourcesBuildPhase;
			buildActionMask = 2147483647;
			files = (
				AAD45C7E2619C36900A6F4D6 /* SF-Pro-Text-Bold.otf in Resources */,
				DAB00036260F12CD00D8208F /* LaunchScreen.storyboard in Resources */,
				AAD45C7D2619C36900A6F4D6 /* SF-Pro-Text-Ultralight.otf in Resources */,
				AAD45C812619C36900A6F4D6 /* SF-Pro-Text-Regular.otf in Resources */,
				AAD45C822619C36900A6F4D6 /* SF-Pro-Text-Medium.otf in Resources */,
				DAB00033260F12CD00D8208F /* Assets.xcassets in Resources */,
				AAD45C722619C36900A6F4D6 /* SF-Pro-Text-Heavy.otf in Resources */,
				AAD45C7F2619C36900A6F4D6 /* SF-Pro-Text-Thin.otf in Resources */,
				AAD45C772619C36900A6F4D6 /* SF-Pro-Text-Semibold.otf in Resources */,
				AAD45CA92619CB2A00A6F4D6 /* Colors.xcassets in Resources */,
				AAD45C752619C36900A6F4D6 /* SF-Pro-Text-Black.otf in Resources */,
				AAD45C732619C36900A6F4D6 /* SF-Pro-Text-Light.otf in Resources */,
			);
			runOnlyForDeploymentPostprocessing = 0;
		};
		DAB0003A260F12CE00D8208F /* Resources */ = {
			isa = PBXResourcesBuildPhase;
			buildActionMask = 2147483647;
			files = (
			);
			runOnlyForDeploymentPostprocessing = 0;
		};
		DAB00045260F12CE00D8208F /* Resources */ = {
			isa = PBXResourcesBuildPhase;
			buildActionMask = 2147483647;
			files = (
			);
			runOnlyForDeploymentPostprocessing = 0;
		};
/* End PBXResourcesBuildPhase section */

/* Begin PBXShellScriptBuildPhase section */
		17E8754F6366FF8C38D587C5 /* [CP] Check Pods Manifest.lock */ = {
			isa = PBXShellScriptBuildPhase;
			buildActionMask = 2147483647;
			files = (
			);
			inputFileListPaths = (
			);
			inputPaths = (
				"${PODS_PODFILE_DIR_PATH}/Podfile.lock",
				"${PODS_ROOT}/Manifest.lock",
			);
			name = "[CP] Check Pods Manifest.lock";
			outputFileListPaths = (
			);
			outputPaths = (
				"$(DERIVED_FILE_DIR)/Pods-YoongYoong-YoongYoongUITests-checkManifestLockResult.txt",
			);
			runOnlyForDeploymentPostprocessing = 0;
			shellPath = /bin/sh;
			shellScript = "diff \"${PODS_PODFILE_DIR_PATH}/Podfile.lock\" \"${PODS_ROOT}/Manifest.lock\" > /dev/null\nif [ $? != 0 ] ; then\n    # print error to STDERR\n    echo \"error: The sandbox is not in sync with the Podfile.lock. Run 'pod install' or update your CocoaPods installation.\" >&2\n    exit 1\nfi\n# This output is used by Xcode 'outputs' to avoid re-running this script phase.\necho \"SUCCESS\" > \"${SCRIPT_OUTPUT_FILE_0}\"\n";
			showEnvVarsInLog = 0;
		};
		64A4F73B8351E61AF92D61F2 /* [CP] Embed Pods Frameworks */ = {
			isa = PBXShellScriptBuildPhase;
			buildActionMask = 2147483647;
			files = (
			);
			inputFileListPaths = (
				"${PODS_ROOT}/Target Support Files/Pods-YoongYoong-YoongYoongUITests/Pods-YoongYoong-YoongYoongUITests-frameworks-${CONFIGURATION}-input-files.xcfilelist",
			);
			name = "[CP] Embed Pods Frameworks";
			outputFileListPaths = (
				"${PODS_ROOT}/Target Support Files/Pods-YoongYoong-YoongYoongUITests/Pods-YoongYoong-YoongYoongUITests-frameworks-${CONFIGURATION}-output-files.xcfilelist",
			);
			runOnlyForDeploymentPostprocessing = 0;
			shellPath = /bin/sh;
			shellScript = "\"${PODS_ROOT}/Target Support Files/Pods-YoongYoong-YoongYoongUITests/Pods-YoongYoong-YoongYoongUITests-frameworks.sh\"\n";
			showEnvVarsInLog = 0;
		};
		6B1F979D340EECFF586AF9EC /* [CP] Check Pods Manifest.lock */ = {
			isa = PBXShellScriptBuildPhase;
			buildActionMask = 2147483647;
			files = (
			);
			inputFileListPaths = (
			);
			inputPaths = (
				"${PODS_PODFILE_DIR_PATH}/Podfile.lock",
				"${PODS_ROOT}/Manifest.lock",
			);
			name = "[CP] Check Pods Manifest.lock";
			outputFileListPaths = (
			);
			outputPaths = (
				"$(DERIVED_FILE_DIR)/Pods-YoongYoongTests-checkManifestLockResult.txt",
			);
			runOnlyForDeploymentPostprocessing = 0;
			shellPath = /bin/sh;
			shellScript = "diff \"${PODS_PODFILE_DIR_PATH}/Podfile.lock\" \"${PODS_ROOT}/Manifest.lock\" > /dev/null\nif [ $? != 0 ] ; then\n    # print error to STDERR\n    echo \"error: The sandbox is not in sync with the Podfile.lock. Run 'pod install' or update your CocoaPods installation.\" >&2\n    exit 1\nfi\n# This output is used by Xcode 'outputs' to avoid re-running this script phase.\necho \"SUCCESS\" > \"${SCRIPT_OUTPUT_FILE_0}\"\n";
			showEnvVarsInLog = 0;
		};
		7CB8543938EE7069FADD2959 /* [CP] Check Pods Manifest.lock */ = {
			isa = PBXShellScriptBuildPhase;
			buildActionMask = 2147483647;
			files = (
			);
			inputFileListPaths = (
			);
			inputPaths = (
				"${PODS_PODFILE_DIR_PATH}/Podfile.lock",
				"${PODS_ROOT}/Manifest.lock",
			);
			name = "[CP] Check Pods Manifest.lock";
			outputFileListPaths = (
			);
			outputPaths = (
				"$(DERIVED_FILE_DIR)/Pods-YoongYoong-checkManifestLockResult.txt",
			);
			runOnlyForDeploymentPostprocessing = 0;
			shellPath = /bin/sh;
			shellScript = "diff \"${PODS_PODFILE_DIR_PATH}/Podfile.lock\" \"${PODS_ROOT}/Manifest.lock\" > /dev/null\nif [ $? != 0 ] ; then\n    # print error to STDERR\n    echo \"error: The sandbox is not in sync with the Podfile.lock. Run 'pod install' or update your CocoaPods installation.\" >&2\n    exit 1\nfi\n# This output is used by Xcode 'outputs' to avoid re-running this script phase.\necho \"SUCCESS\" > \"${SCRIPT_OUTPUT_FILE_0}\"\n";
			showEnvVarsInLog = 0;
		};
		A30F8E4FF28F37D4F90EC405 /* [CP] Embed Pods Frameworks */ = {
			isa = PBXShellScriptBuildPhase;
			buildActionMask = 2147483647;
			files = (
			);
			inputFileListPaths = (
				"${PODS_ROOT}/Target Support Files/Pods-YoongYoong/Pods-YoongYoong-frameworks-${CONFIGURATION}-input-files.xcfilelist",
			);
			name = "[CP] Embed Pods Frameworks";
			outputFileListPaths = (
				"${PODS_ROOT}/Target Support Files/Pods-YoongYoong/Pods-YoongYoong-frameworks-${CONFIGURATION}-output-files.xcfilelist",
			);
			runOnlyForDeploymentPostprocessing = 0;
			shellPath = /bin/sh;
			shellScript = "\"${PODS_ROOT}/Target Support Files/Pods-YoongYoong/Pods-YoongYoong-frameworks.sh\"\n";
			showEnvVarsInLog = 0;
		};
/* End PBXShellScriptBuildPhase section */

/* Begin PBXSourcesBuildPhase section */
		DAB0001F260F12CA00D8208F /* Sources */ = {
			isa = PBXSourcesBuildPhase;
			buildActionMask = 2147483647;
			files = (
				AAF68E72262F374500F643E1 /* FeedTipView.swift in Sources */,
				AAC78FE8262A6FC4009CC84E /* TabBarViewModel.swift in Sources */,
				AAF6903A2635C40C00F643E1 /* FeedTipViewModel.swift in Sources */,
				AA6E013A261F611600318E30 /* MapStoreInfoView.swift in Sources */,
				AAC78F91262A67FD009CC84E /* Application.swift in Sources */,
				AA344617261B2F240034E1BC /* MapViewController.swift in Sources */,
				AAD45C9E2619CAEC00A6F4D6 /* UIColor+Extensions.swift in Sources */,
				DAB00027260F12CA00D8208F /* AppDelegate.swift in Sources */,
				AAD45C582619C06800A6F4D6 /* UIFont+Extensions.swift in Sources */,
				AAC78F96262A6916009CC84E /* ViewModelType.swift in Sources */,
				AAF6903F2635C68200F643E1 /* FeedListContainerListViewModel.swift in Sources */,
				AAF5C22A26371A27000BB043 /* FeedListTableViewCellViewModel.swift in Sources */,
				AAC79002262A7A1D009CC84E /* NavigationController.swift in Sources */,
				AAF5C22526370D20000BB043 /* FeedViewModel.swift in Sources */,
				AAF68E7F262F53C000F643E1 /* FeedListContainerListView.swift in Sources */,
				AAF5C23D2637AC47000BB043 /* TitleContentItem.swift in Sources */,
				AA6E013F261F6A0D00318E30 /* CALayer+Extensions.swift in Sources */,
				AAC78FF5262A7150009CC84E /* Navigator.swift in Sources */,
				AAC78FF0262A7027009CC84E /* TabBarController.swift in Sources */,
				AAC79008262A809D009CC84E /* MapViewModel.swift in Sources */,
				AAF5C2422637D7F5000BB043 /* UILabel+Extensions.swift in Sources */,
				AA72B7DD261B3996001E959B /* MapNavigationView.swift in Sources */,
				AAF5C2352637AB70000BB043 /* Feed.swift in Sources */,
				AAC79015262A91A4009CC84E /* TipViewModel.swift in Sources */,
				AAF5C22F26371B4D000BB043 /* FeedListSection.swift in Sources */,
				AAC78FFA262A773D009CC84E /* ViewController.swift in Sources */,
				AAC79020262AA7E3009CC84E /* TipViewController.swift in Sources */,
				AAF67E09262AE69600F643E1 /* LocationManager.swift in Sources */,
				AAF5C20F263707AF000BB043 /* FeedViewController.swift in Sources */,
				DAB00031260F12CA00D8208F /* YoongYoong.xcdatamodeld in Sources */,
				AAF68E7A262F511F00F643E1 /* FeedListTableViewCell.swift in Sources */,
			);
			runOnlyForDeploymentPostprocessing = 0;
		};
		DAB00038260F12CE00D8208F /* Sources */ = {
			isa = PBXSourcesBuildPhase;
			buildActionMask = 2147483647;
			files = (
				DAB00041260F12CE00D8208F /* YoongYoongTests.swift in Sources */,
			);
			runOnlyForDeploymentPostprocessing = 0;
		};
		DAB00043260F12CE00D8208F /* Sources */ = {
			isa = PBXSourcesBuildPhase;
			buildActionMask = 2147483647;
			files = (
				DAB0004C260F12CE00D8208F /* YoongYoongUITests.swift in Sources */,
			);
			runOnlyForDeploymentPostprocessing = 0;
		};
/* End PBXSourcesBuildPhase section */

/* Begin PBXTargetDependency section */
		DAB0003E260F12CE00D8208F /* PBXTargetDependency */ = {
			isa = PBXTargetDependency;
			target = DAB00022260F12CA00D8208F /* YoongYoong */;
			targetProxy = DAB0003D260F12CE00D8208F /* PBXContainerItemProxy */;
		};
		DAB00049260F12CE00D8208F /* PBXTargetDependency */ = {
			isa = PBXTargetDependency;
			target = DAB00022260F12CA00D8208F /* YoongYoong */;
			targetProxy = DAB00048260F12CE00D8208F /* PBXContainerItemProxy */;
		};
/* End PBXTargetDependency section */

/* Begin PBXVariantGroup section */
		DAB00034260F12CD00D8208F /* LaunchScreen.storyboard */ = {
			isa = PBXVariantGroup;
			children = (
				DAB00035260F12CD00D8208F /* Base */,
			);
			name = LaunchScreen.storyboard;
			sourceTree = "<group>";
		};
/* End PBXVariantGroup section */

/* Begin XCBuildConfiguration section */
		DAB0004E260F12CE00D8208F /* Debug */ = {
			isa = XCBuildConfiguration;
			buildSettings = {
				ALWAYS_SEARCH_USER_PATHS = NO;
				CLANG_ANALYZER_NONNULL = YES;
				CLANG_ANALYZER_NUMBER_OBJECT_CONVERSION = YES_AGGRESSIVE;
				CLANG_CXX_LANGUAGE_STANDARD = "gnu++14";
				CLANG_CXX_LIBRARY = "libc++";
				CLANG_ENABLE_MODULES = YES;
				CLANG_ENABLE_OBJC_ARC = YES;
				CLANG_ENABLE_OBJC_WEAK = YES;
				CLANG_WARN_BLOCK_CAPTURE_AUTORELEASING = YES;
				CLANG_WARN_BOOL_CONVERSION = YES;
				CLANG_WARN_COMMA = YES;
				CLANG_WARN_CONSTANT_CONVERSION = YES;
				CLANG_WARN_DEPRECATED_OBJC_IMPLEMENTATIONS = YES;
				CLANG_WARN_DIRECT_OBJC_ISA_USAGE = YES_ERROR;
				CLANG_WARN_DOCUMENTATION_COMMENTS = YES;
				CLANG_WARN_EMPTY_BODY = YES;
				CLANG_WARN_ENUM_CONVERSION = YES;
				CLANG_WARN_INFINITE_RECURSION = YES;
				CLANG_WARN_INT_CONVERSION = YES;
				CLANG_WARN_NON_LITERAL_NULL_CONVERSION = YES;
				CLANG_WARN_OBJC_IMPLICIT_RETAIN_SELF = YES;
				CLANG_WARN_OBJC_LITERAL_CONVERSION = YES;
				CLANG_WARN_OBJC_ROOT_CLASS = YES_ERROR;
				CLANG_WARN_QUOTED_INCLUDE_IN_FRAMEWORK_HEADER = YES;
				CLANG_WARN_RANGE_LOOP_ANALYSIS = YES;
				CLANG_WARN_STRICT_PROTOTYPES = YES;
				CLANG_WARN_SUSPICIOUS_MOVE = YES;
				CLANG_WARN_UNGUARDED_AVAILABILITY = YES_AGGRESSIVE;
				CLANG_WARN_UNREACHABLE_CODE = YES;
				CLANG_WARN__DUPLICATE_METHOD_MATCH = YES;
				COPY_PHASE_STRIP = NO;
				DEBUG_INFORMATION_FORMAT = dwarf;
				ENABLE_STRICT_OBJC_MSGSEND = YES;
				ENABLE_TESTABILITY = YES;
				GCC_C_LANGUAGE_STANDARD = gnu11;
				GCC_DYNAMIC_NO_PIC = NO;
				GCC_NO_COMMON_BLOCKS = YES;
				GCC_OPTIMIZATION_LEVEL = 0;
				GCC_PREPROCESSOR_DEFINITIONS = (
					"DEBUG=1",
					"$(inherited)",
				);
				GCC_WARN_64_TO_32_BIT_CONVERSION = YES;
				GCC_WARN_ABOUT_RETURN_TYPE = YES_ERROR;
				GCC_WARN_UNDECLARED_SELECTOR = YES;
				GCC_WARN_UNINITIALIZED_AUTOS = YES_AGGRESSIVE;
				GCC_WARN_UNUSED_FUNCTION = YES;
				GCC_WARN_UNUSED_VARIABLE = YES;
				IPHONEOS_DEPLOYMENT_TARGET = 12.1;
				MTL_ENABLE_DEBUG_INFO = INCLUDE_SOURCE;
				MTL_FAST_MATH = YES;
				ONLY_ACTIVE_ARCH = YES;
				SDKROOT = iphoneos;
				SWIFT_ACTIVE_COMPILATION_CONDITIONS = DEBUG;
				SWIFT_OPTIMIZATION_LEVEL = "-Onone";
			};
			name = Debug;
		};
		DAB0004F260F12CE00D8208F /* Release */ = {
			isa = XCBuildConfiguration;
			buildSettings = {
				ALWAYS_SEARCH_USER_PATHS = NO;
				CLANG_ANALYZER_NONNULL = YES;
				CLANG_ANALYZER_NUMBER_OBJECT_CONVERSION = YES_AGGRESSIVE;
				CLANG_CXX_LANGUAGE_STANDARD = "gnu++14";
				CLANG_CXX_LIBRARY = "libc++";
				CLANG_ENABLE_MODULES = YES;
				CLANG_ENABLE_OBJC_ARC = YES;
				CLANG_ENABLE_OBJC_WEAK = YES;
				CLANG_WARN_BLOCK_CAPTURE_AUTORELEASING = YES;
				CLANG_WARN_BOOL_CONVERSION = YES;
				CLANG_WARN_COMMA = YES;
				CLANG_WARN_CONSTANT_CONVERSION = YES;
				CLANG_WARN_DEPRECATED_OBJC_IMPLEMENTATIONS = YES;
				CLANG_WARN_DIRECT_OBJC_ISA_USAGE = YES_ERROR;
				CLANG_WARN_DOCUMENTATION_COMMENTS = YES;
				CLANG_WARN_EMPTY_BODY = YES;
				CLANG_WARN_ENUM_CONVERSION = YES;
				CLANG_WARN_INFINITE_RECURSION = YES;
				CLANG_WARN_INT_CONVERSION = YES;
				CLANG_WARN_NON_LITERAL_NULL_CONVERSION = YES;
				CLANG_WARN_OBJC_IMPLICIT_RETAIN_SELF = YES;
				CLANG_WARN_OBJC_LITERAL_CONVERSION = YES;
				CLANG_WARN_OBJC_ROOT_CLASS = YES_ERROR;
				CLANG_WARN_QUOTED_INCLUDE_IN_FRAMEWORK_HEADER = YES;
				CLANG_WARN_RANGE_LOOP_ANALYSIS = YES;
				CLANG_WARN_STRICT_PROTOTYPES = YES;
				CLANG_WARN_SUSPICIOUS_MOVE = YES;
				CLANG_WARN_UNGUARDED_AVAILABILITY = YES_AGGRESSIVE;
				CLANG_WARN_UNREACHABLE_CODE = YES;
				CLANG_WARN__DUPLICATE_METHOD_MATCH = YES;
				COPY_PHASE_STRIP = NO;
				DEBUG_INFORMATION_FORMAT = "dwarf-with-dsym";
				ENABLE_NS_ASSERTIONS = NO;
				ENABLE_STRICT_OBJC_MSGSEND = YES;
				GCC_C_LANGUAGE_STANDARD = gnu11;
				GCC_NO_COMMON_BLOCKS = YES;
				GCC_WARN_64_TO_32_BIT_CONVERSION = YES;
				GCC_WARN_ABOUT_RETURN_TYPE = YES_ERROR;
				GCC_WARN_UNDECLARED_SELECTOR = YES;
				GCC_WARN_UNINITIALIZED_AUTOS = YES_AGGRESSIVE;
				GCC_WARN_UNUSED_FUNCTION = YES;
				GCC_WARN_UNUSED_VARIABLE = YES;
				IPHONEOS_DEPLOYMENT_TARGET = 12.1;
				MTL_ENABLE_DEBUG_INFO = NO;
				MTL_FAST_MATH = YES;
				SDKROOT = iphoneos;
				SWIFT_COMPILATION_MODE = wholemodule;
				SWIFT_OPTIMIZATION_LEVEL = "-O";
				VALIDATE_PRODUCT = YES;
			};
			name = Release;
		};
		DAB00051260F12CE00D8208F /* Debug */ = {
			isa = XCBuildConfiguration;
			baseConfigurationReference = 9AA94A64E3F69882F456EE4D /* Pods-YoongYoong.debug.xcconfig */;
			buildSettings = {
				ASSETCATALOG_COMPILER_APPICON_NAME = AppIcon;
				ASSETCATALOG_COMPILER_GLOBAL_ACCENT_COLOR_NAME = AccentColor;
				CODE_SIGN_IDENTITY = "iPhone Distribution";
				CODE_SIGN_STYLE = Manual;
				CURRENT_PROJECT_VERSION = 5;
				DEVELOPMENT_TEAM = 7Y3Y9M4N4F;
				INFOPLIST_FILE = YoongYoong/Info.plist;
				LD_RUNPATH_SEARCH_PATHS = (
					"$(inherited)",
					"@executable_path/Frameworks",
				);
				NMAP_CLIENT_ID = jzyxx74dem;
				PRODUCT_BUNDLE_IDENTIFIER = kr.co.yapp18.iOS2.yongyong.YoongYoong;
				PRODUCT_NAME = "$(TARGET_NAME)";
				PROVISIONING_PROFILE_SPECIFIER = "YongYong Release";
				SWIFT_VERSION = 5.0;
				TARGETED_DEVICE_FAMILY = 1;
			};
			name = Debug;
		};
		DAB00052260F12CE00D8208F /* Release */ = {
			isa = XCBuildConfiguration;
			baseConfigurationReference = C4A4BE283F0F18E7064708AB /* Pods-YoongYoong.release.xcconfig */;
			buildSettings = {
				ASSETCATALOG_COMPILER_APPICON_NAME = AppIcon;
				ASSETCATALOG_COMPILER_GLOBAL_ACCENT_COLOR_NAME = AccentColor;
				CODE_SIGN_IDENTITY = "iPhone Distribution";
				CODE_SIGN_STYLE = Manual;
				CURRENT_PROJECT_VERSION = 5;
				DEVELOPMENT_TEAM = 7Y3Y9M4N4F;
				INFOPLIST_FILE = YoongYoong/Info.plist;
				LD_RUNPATH_SEARCH_PATHS = (
					"$(inherited)",
					"@executable_path/Frameworks",
				);
				NMAP_CLIENT_ID = jzyxx74dem;
				PRODUCT_BUNDLE_IDENTIFIER = kr.co.yapp18.iOS2.yongyong.YoongYoong;
				PRODUCT_NAME = "$(TARGET_NAME)";
				PROVISIONING_PROFILE_SPECIFIER = "YongYong Release";
				SWIFT_VERSION = 5.0;
				TARGETED_DEVICE_FAMILY = 1;
			};
			name = Release;
		};
		DAB00054260F12CE00D8208F /* Debug */ = {
			isa = XCBuildConfiguration;
			baseConfigurationReference = 6B8446DB571903D78466AE9B /* Pods-YoongYoongTests.debug.xcconfig */;
			buildSettings = {
				ALWAYS_EMBED_SWIFT_STANDARD_LIBRARIES = YES;
				BUNDLE_LOADER = "$(TEST_HOST)";
				CODE_SIGN_STYLE = Automatic;
				DEVELOPMENT_TEAM = 7Y3Y9M4N4F;
				INFOPLIST_FILE = YoongYoongTests/Info.plist;
				IPHONEOS_DEPLOYMENT_TARGET = 14.4;
				LD_RUNPATH_SEARCH_PATHS = (
					"$(inherited)",
					"@executable_path/Frameworks",
					"@loader_path/Frameworks",
				);
				PRODUCT_BUNDLE_IDENTIFIER = kr.co.yapp18.iOS2.yongyong.YoongYoongTests;
				PRODUCT_NAME = "$(TARGET_NAME)";
				SWIFT_VERSION = 5.0;
				TARGETED_DEVICE_FAMILY = "1,2";
				TEST_HOST = "$(BUILT_PRODUCTS_DIR)/YoongYoong.app/YoongYoong";
			};
			name = Debug;
		};
		DAB00055260F12CE00D8208F /* Release */ = {
			isa = XCBuildConfiguration;
			baseConfigurationReference = F1D48CD7588577A288A8C11C /* Pods-YoongYoongTests.release.xcconfig */;
			buildSettings = {
				ALWAYS_EMBED_SWIFT_STANDARD_LIBRARIES = YES;
				BUNDLE_LOADER = "$(TEST_HOST)";
				CODE_SIGN_STYLE = Automatic;
				DEVELOPMENT_TEAM = 7Y3Y9M4N4F;
				INFOPLIST_FILE = YoongYoongTests/Info.plist;
				IPHONEOS_DEPLOYMENT_TARGET = 14.4;
				LD_RUNPATH_SEARCH_PATHS = (
					"$(inherited)",
					"@executable_path/Frameworks",
					"@loader_path/Frameworks",
				);
				PRODUCT_BUNDLE_IDENTIFIER = kr.co.yapp18.iOS2.yongyong.YoongYoongTests;
				PRODUCT_NAME = "$(TARGET_NAME)";
				SWIFT_VERSION = 5.0;
				TARGETED_DEVICE_FAMILY = "1,2";
				TEST_HOST = "$(BUILT_PRODUCTS_DIR)/YoongYoong.app/YoongYoong";
			};
			name = Release;
		};
		DAB00057260F12CE00D8208F /* Debug */ = {
			isa = XCBuildConfiguration;
			baseConfigurationReference = 5E844A4FB1E67E67DDBA7C1C /* Pods-YoongYoong-YoongYoongUITests.debug.xcconfig */;
			buildSettings = {
				ALWAYS_EMBED_SWIFT_STANDARD_LIBRARIES = YES;
				CODE_SIGN_STYLE = Automatic;
				DEVELOPMENT_TEAM = 7Y3Y9M4N4F;
				INFOPLIST_FILE = YoongYoongUITests/Info.plist;
				LD_RUNPATH_SEARCH_PATHS = (
					"$(inherited)",
					"@executable_path/Frameworks",
					"@loader_path/Frameworks",
				);
				PRODUCT_BUNDLE_IDENTIFIER = kr.co.yapp18.iOS2.yongyong.YoongYoongUITests;
				PRODUCT_NAME = "$(TARGET_NAME)";
				SWIFT_VERSION = 5.0;
				TARGETED_DEVICE_FAMILY = "1,2";
				TEST_TARGET_NAME = YoongYoong;
			};
			name = Debug;
		};
		DAB00058260F12CE00D8208F /* Release */ = {
			isa = XCBuildConfiguration;
			baseConfigurationReference = F1BA7E9CFA81CCA931C8F5E2 /* Pods-YoongYoong-YoongYoongUITests.release.xcconfig */;
			buildSettings = {
				ALWAYS_EMBED_SWIFT_STANDARD_LIBRARIES = YES;
				CODE_SIGN_STYLE = Automatic;
				DEVELOPMENT_TEAM = 7Y3Y9M4N4F;
				INFOPLIST_FILE = YoongYoongUITests/Info.plist;
				LD_RUNPATH_SEARCH_PATHS = (
					"$(inherited)",
					"@executable_path/Frameworks",
					"@loader_path/Frameworks",
				);
				PRODUCT_BUNDLE_IDENTIFIER = kr.co.yapp18.iOS2.yongyong.YoongYoongUITests;
				PRODUCT_NAME = "$(TARGET_NAME)";
				SWIFT_VERSION = 5.0;
				TARGETED_DEVICE_FAMILY = "1,2";
				TEST_TARGET_NAME = YoongYoong;
			};
			name = Release;
		};
		DAB00065260F135800D8208F /* Dev */ = {
			isa = XCBuildConfiguration;
			buildSettings = {
				ALWAYS_SEARCH_USER_PATHS = NO;
				CLANG_ANALYZER_NONNULL = YES;
				CLANG_ANALYZER_NUMBER_OBJECT_CONVERSION = YES_AGGRESSIVE;
				CLANG_CXX_LANGUAGE_STANDARD = "gnu++14";
				CLANG_CXX_LIBRARY = "libc++";
				CLANG_ENABLE_MODULES = YES;
				CLANG_ENABLE_OBJC_ARC = YES;
				CLANG_ENABLE_OBJC_WEAK = YES;
				CLANG_WARN_BLOCK_CAPTURE_AUTORELEASING = YES;
				CLANG_WARN_BOOL_CONVERSION = YES;
				CLANG_WARN_COMMA = YES;
				CLANG_WARN_CONSTANT_CONVERSION = YES;
				CLANG_WARN_DEPRECATED_OBJC_IMPLEMENTATIONS = YES;
				CLANG_WARN_DIRECT_OBJC_ISA_USAGE = YES_ERROR;
				CLANG_WARN_DOCUMENTATION_COMMENTS = YES;
				CLANG_WARN_EMPTY_BODY = YES;
				CLANG_WARN_ENUM_CONVERSION = YES;
				CLANG_WARN_INFINITE_RECURSION = YES;
				CLANG_WARN_INT_CONVERSION = YES;
				CLANG_WARN_NON_LITERAL_NULL_CONVERSION = YES;
				CLANG_WARN_OBJC_IMPLICIT_RETAIN_SELF = YES;
				CLANG_WARN_OBJC_LITERAL_CONVERSION = YES;
				CLANG_WARN_OBJC_ROOT_CLASS = YES_ERROR;
				CLANG_WARN_QUOTED_INCLUDE_IN_FRAMEWORK_HEADER = YES;
				CLANG_WARN_RANGE_LOOP_ANALYSIS = YES;
				CLANG_WARN_STRICT_PROTOTYPES = YES;
				CLANG_WARN_SUSPICIOUS_MOVE = YES;
				CLANG_WARN_UNGUARDED_AVAILABILITY = YES_AGGRESSIVE;
				CLANG_WARN_UNREACHABLE_CODE = YES;
				CLANG_WARN__DUPLICATE_METHOD_MATCH = YES;
				COPY_PHASE_STRIP = NO;
				DEBUG_INFORMATION_FORMAT = "dwarf-with-dsym";
				ENABLE_NS_ASSERTIONS = NO;
				ENABLE_STRICT_OBJC_MSGSEND = YES;
				GCC_C_LANGUAGE_STANDARD = gnu11;
				GCC_NO_COMMON_BLOCKS = YES;
				GCC_WARN_64_TO_32_BIT_CONVERSION = YES;
				GCC_WARN_ABOUT_RETURN_TYPE = YES_ERROR;
				GCC_WARN_UNDECLARED_SELECTOR = YES;
				GCC_WARN_UNINITIALIZED_AUTOS = YES_AGGRESSIVE;
				GCC_WARN_UNUSED_FUNCTION = YES;
				GCC_WARN_UNUSED_VARIABLE = YES;
				IPHONEOS_DEPLOYMENT_TARGET = 12.1;
				MTL_ENABLE_DEBUG_INFO = NO;
				MTL_FAST_MATH = YES;
				SDKROOT = iphoneos;
				SWIFT_COMPILATION_MODE = wholemodule;
				SWIFT_OPTIMIZATION_LEVEL = "-O";
				VALIDATE_PRODUCT = YES;
			};
			name = Dev;
		};
		DAB00066260F135800D8208F /* Dev */ = {
			isa = XCBuildConfiguration;
			baseConfigurationReference = 948D7D766C7E57695042FF1F /* Pods-YoongYoong.dev.xcconfig */;
			buildSettings = {
				ASSETCATALOG_COMPILER_APPICON_NAME = AppIcon;
				ASSETCATALOG_COMPILER_GLOBAL_ACCENT_COLOR_NAME = AccentColor;
				CODE_SIGN_IDENTITY = "iPhone Developer";
				CODE_SIGN_STYLE = Manual;
				CURRENT_PROJECT_VERSION = 5;
				DEVELOPMENT_TEAM = 7Y3Y9M4N4F;
				INFOPLIST_FILE = YoongYoong/Info.plist;
				LD_RUNPATH_SEARCH_PATHS = (
					"$(inherited)",
					"@executable_path/Frameworks",
				);
				NMAP_CLIENT_ID = jzyxx74dem;
				PRODUCT_BUNDLE_IDENTIFIER = "kr.co.yapp18.iOS2.yongyong.YoongYoong-Dev";
				PRODUCT_NAME = "$(TARGET_NAME)";
				PROVISIONING_PROFILE_SPECIFIER = "YongYong-Dev";
				SWIFT_VERSION = 5.0;
				TARGETED_DEVICE_FAMILY = 1;
			};
			name = Dev;
		};
		DAB00067260F135800D8208F /* Dev */ = {
			isa = XCBuildConfiguration;
			baseConfigurationReference = AB05194427AB14D9AFFEE470 /* Pods-YoongYoongTests.dev.xcconfig */;
			buildSettings = {
				ALWAYS_EMBED_SWIFT_STANDARD_LIBRARIES = YES;
				BUNDLE_LOADER = "$(TEST_HOST)";
				CODE_SIGN_STYLE = Automatic;
				DEVELOPMENT_TEAM = 7Y3Y9M4N4F;
				INFOPLIST_FILE = YoongYoongTests/Info.plist;
				IPHONEOS_DEPLOYMENT_TARGET = 14.4;
				LD_RUNPATH_SEARCH_PATHS = (
					"$(inherited)",
					"@executable_path/Frameworks",
					"@loader_path/Frameworks",
				);
				PRODUCT_BUNDLE_IDENTIFIER = kr.co.yapp18.iOS2.yongyong.YoongYoongTests;
				PRODUCT_NAME = "$(TARGET_NAME)";
				SWIFT_VERSION = 5.0;
				TARGETED_DEVICE_FAMILY = "1,2";
				TEST_HOST = "$(BUILT_PRODUCTS_DIR)/YoongYoong.app/YoongYoong";
			};
			name = Dev;
		};
		DAB00068260F135800D8208F /* Dev */ = {
			isa = XCBuildConfiguration;
			baseConfigurationReference = 9BB5CF0D7707EB35250D4235 /* Pods-YoongYoong-YoongYoongUITests.dev.xcconfig */;
			buildSettings = {
				ALWAYS_EMBED_SWIFT_STANDARD_LIBRARIES = YES;
				CODE_SIGN_STYLE = Automatic;
				DEVELOPMENT_TEAM = 7Y3Y9M4N4F;
				INFOPLIST_FILE = YoongYoongUITests/Info.plist;
				LD_RUNPATH_SEARCH_PATHS = (
					"$(inherited)",
					"@executable_path/Frameworks",
					"@loader_path/Frameworks",
				);
				PRODUCT_BUNDLE_IDENTIFIER = kr.co.yapp18.iOS2.yongyong.YoongYoongUITests;
				PRODUCT_NAME = "$(TARGET_NAME)";
				SWIFT_VERSION = 5.0;
				TARGETED_DEVICE_FAMILY = "1,2";
				TEST_TARGET_NAME = YoongYoong;
			};
			name = Dev;
		};
/* End XCBuildConfiguration section */

/* Begin XCConfigurationList section */
		DAB0001E260F12CA00D8208F /* Build configuration list for PBXProject "YoongYoong" */ = {
			isa = XCConfigurationList;
			buildConfigurations = (
				DAB0004E260F12CE00D8208F /* Debug */,
				DAB0004F260F12CE00D8208F /* Release */,
				DAB00065260F135800D8208F /* Dev */,
			);
			defaultConfigurationIsVisible = 0;
			defaultConfigurationName = Release;
		};
		DAB00050260F12CE00D8208F /* Build configuration list for PBXNativeTarget "YoongYoong" */ = {
			isa = XCConfigurationList;
			buildConfigurations = (
				DAB00051260F12CE00D8208F /* Debug */,
				DAB00052260F12CE00D8208F /* Release */,
				DAB00066260F135800D8208F /* Dev */,
			);
			defaultConfigurationIsVisible = 0;
			defaultConfigurationName = Release;
		};
		DAB00053260F12CE00D8208F /* Build configuration list for PBXNativeTarget "YoongYoongTests" */ = {
			isa = XCConfigurationList;
			buildConfigurations = (
				DAB00054260F12CE00D8208F /* Debug */,
				DAB00055260F12CE00D8208F /* Release */,
				DAB00067260F135800D8208F /* Dev */,
			);
			defaultConfigurationIsVisible = 0;
			defaultConfigurationName = Release;
		};
		DAB00056260F12CE00D8208F /* Build configuration list for PBXNativeTarget "YoongYoongUITests" */ = {
			isa = XCConfigurationList;
			buildConfigurations = (
				DAB00057260F12CE00D8208F /* Debug */,
				DAB00058260F12CE00D8208F /* Release */,
				DAB00068260F135800D8208F /* Dev */,
			);
			defaultConfigurationIsVisible = 0;
			defaultConfigurationName = Release;
		};
/* End XCConfigurationList section */

/* Begin XCVersionGroup section */
		DAB0002F260F12CA00D8208F /* YoongYoong.xcdatamodeld */ = {
			isa = XCVersionGroup;
			children = (
				DAB00030260F12CA00D8208F /* YoongYoong.xcdatamodel */,
			);
			currentVersion = DAB00030260F12CA00D8208F /* YoongYoong.xcdatamodel */;
			path = YoongYoong.xcdatamodeld;
			sourceTree = "<group>";
			versionGroupType = wrapper.xcdatamodel;
		};
/* End XCVersionGroup section */
	};
	rootObject = DAB0001B260F12CA00D8208F /* Project object */;
}
