<?xml version="1.0" encoding="UTF-8"?>
<Scheme
   LastUpgradeVersion = "1240"
   version = "1.3">
   <BuildAction
      parallelizeBuildables = "YES"
      buildImplicitDependencies = "YES">
      <BuildActionEntries>
         <BuildActionEntry
            buildForTesting = "YES"
            buildForRunning = "YES"
            buildForProfiling = "YES"
            buildForArchiving = "YES"
            buildForAnalyzing = "YES">
            <BuildableReference
               BuildableIdentifier = "primary"
               BlueprintIdentifier = "DAB00022260F12CA00D8208F"
               BuildableName = "&#x110b;&#x116d;&#x11bc;&#x1100;&#x1175;&#x1102;&#x1162;&#x110b;&#x116d;&#x11bc;.app"
               BlueprintName = "&#xc6a9;&#xae30;&#xb0b4;&#xc6a9;"
               ReferencedContainer = "container:YoongYoong.xcodeproj">
            </BuildableReference>
         </BuildActionEntry>
      </BuildActionEntries>
   </BuildAction>
   <TestAction
      buildConfiguration = "Debug"
      selectedDebuggerIdentifier = "Xcode.DebuggerFoundation.Debugger.LLDB"
      selectedLauncherIdentifier = "Xcode.DebuggerFoundation.Launcher.LLDB"
      shouldUseLaunchSchemeArgsEnv = "YES">
      <Testables>
         <TestableReference
            skipped = "NO">
            <BuildableReference
               BuildableIdentifier = "primary"
               BlueprintIdentifier = "DAB0003B260F12CE00D8208F"
               BuildableName = "YoongYoongTests.xctest"
               BlueprintName = "YoongYoongTests"
               ReferencedContainer = "container:YoongYoong.xcodeproj">
            </BuildableReference>
         </TestableReference>
         <TestableReference
            skipped = "NO">
            <BuildableReference
               BuildableIdentifier = "primary"
               BlueprintIdentifier = "DAB00046260F12CE00D8208F"
               BuildableName = "YoongYoongUITests.xctest"
               BlueprintName = "YoongYoongUITests"
               ReferencedContainer = "container:YoongYoong.xcodeproj">
            </BuildableReference>
         </TestableReference>
      </Testables>
   </TestAction>
   <LaunchAction
      buildConfiguration = "Debug"
      selectedDebuggerIdentifier = "Xcode.DebuggerFoundation.Debugger.LLDB"
      selectedLauncherIdentifier = "Xcode.DebuggerFoundation.Launcher.LLDB"
      launchStyle = "0"
      useCustomWorkingDirectory = "NO"
      ignoresPersistentStateOnLaunch = "NO"
      debugDocumentVersioning = "YES"
      debugServiceExtension = "internal"
      allowLocationSimulation = "YES">
      <BuildableProductRunnable
         runnableDebuggingMode = "0">
         <BuildableReference
            BuildableIdentifier = "primary"
            BlueprintIdentifier = "DAB00022260F12CA00D8208F"
            BuildableName = "&#x110b;&#x116d;&#x11bc;&#x1100;&#x1175;&#x1102;&#x1162;&#x110b;&#x116d;&#x11bc;.app"
            BlueprintName = "&#xc6a9;&#xae30;&#xb0b4;&#xc6a9;"
            ReferencedContainer = "container:YoongYoong.xcodeproj">
         </BuildableReference>
      </BuildableProductRunnable>
   </LaunchAction>
   <ProfileAction
      buildConfiguration = "Release"
      shouldUseLaunchSchemeArgsEnv = "YES"
      savedToolIdentifier = ""
      useCustomWorkingDirectory = "NO"
      debugDocumentVersioning = "YES">
      <BuildableProductRunnable
         runnableDebuggingMode = "0">
         <BuildableReference
            BuildableIdentifier = "primary"
            BlueprintIdentifier = "DAB00022260F12CA00D8208F"
            BuildableName = "&#x110b;&#x116d;&#x11bc;&#x1100;&#x1175;&#x1102;&#x1162;&#x110b;&#x116d;&#x11bc;.app"
            BlueprintName = "&#xc6a9;&#xae30;&#xb0b4;&#xc6a9;"
            ReferencedContainer = "container:YoongYoong.xcodeproj">
         </BuildableReference>
      </BuildableProductRunnable>
   </ProfileAction>
   <AnalyzeAction
      buildConfiguration = "Debug">
   </AnalyzeAction>
   <ArchiveAction
      buildConfiguration = "Release"
      revealArchiveInOrganizer = "YES">
   </ArchiveAction>
</Scheme>
